
Microsoft Visual Studio Solution File, Format Version 12.00
# Visual Studio Version 17
VisualStudioVersion = 17.0.31903.59
MinimumVisualStudioVersion = 10.0.40219.1
Project("{2150E333-8FDC-42A3-9474-1A3956D46DE8}") = "src", "src", "{62C51260-7885-4211-9847-EC9C97505A5D}"
EndProject
Project("{2150E333-8FDC-42A3-9474-1A3956D46DE8}") = "samples", "samples", "{AC67C30F-6F79-432A-9484-B9D235E4B319}"
EndProject
Project("{9A19103F-16F7-4668-BE54-9A1E7A4F7556}") = "UtiQ.Example.AspNetCore", "samples\UtiQ.Example.AspNetCore\UtiQ.Example.AspNetCore.csproj", "{BE81B857-040B-4189-943F-3E3E2F2A149B}"
EndProject
Project("{9A19103F-16F7-4668-BE54-9A1E7A4F7556}") = "Utileco.UtiQ", "src\Utileco.UtiQ\Utileco.UtiQ.csproj", "{4C78C251-5E6E-473D-9880-CDA0C0D44D60}"
EndProject
Project("{9A19103F-16F7-4668-BE54-9A1E7A4F7556}") = "Utileco.UtiQ.Contracts", "src\Utileco.UtiQ.Contracts\Utileco.UtiQ.Contracts.csproj", "{D0ED1FDA-42D8-4AE8-B841-61F450E7B0A5}"
EndProject
Global
	GlobalSection(SolutionConfigurationPlatforms) = preSolution
		Debug|Any CPU = Debug|Any CPU
		Release|Any CPU = Release|Any CPU
	EndGlobalSection
	GlobalSection(ProjectConfigurationPlatforms) = postSolution
		{BE81B857-040B-4189-943F-3E3E2F2A149B}.Debug|Any CPU.ActiveCfg = Debug|Any CPU
		{BE81B857-040B-4189-943F-3E3E2F2A149B}.Debug|Any CPU.Build.0 = Debug|Any CPU
		{BE81B857-040B-4189-943F-3E3E2F2A149B}.Release|Any CPU.ActiveCfg = Release|Any CPU
		{BE81B857-040B-4189-943F-3E3E2F2A149B}.Release|Any CPU.Build.0 = Release|Any CPU
		{4C78C251-5E6E-473D-9880-CDA0C0D44D60}.Debug|Any CPU.ActiveCfg = Debug|Any CPU
		{4C78C251-5E6E-473D-9880-CDA0C0D44D60}.Debug|Any CPU.Build.0 = Debug|Any CPU
		{4C78C251-5E6E-473D-9880-CDA0C0D44D60}.Release|Any CPU.ActiveCfg = Release|Any CPU
		{4C78C251-5E6E-473D-9880-CDA0C0D44D60}.Release|Any CPU.Build.0 = Release|Any CPU
		{D0ED1FDA-42D8-4AE8-B841-61F450E7B0A5}.Debug|Any CPU.ActiveCfg = Debug|Any CPU
		{D0ED1FDA-42D8-4AE8-B841-61F450E7B0A5}.Debug|Any CPU.Build.0 = Debug|Any CPU
		{D0ED1FDA-42D8-4AE8-B841-61F450E7B0A5}.Release|Any CPU.ActiveCfg = Release|Any CPU
		{D0ED1FDA-42D8-4AE8-B841-61F450E7B0A5}.Release|Any CPU.Build.0 = Release|Any CPU
	EndGlobalSection
	GlobalSection(SolutionProperties) = preSolution
		HideSolutionNode = FALSE
	EndGlobalSection
	GlobalSection(NestedProjects) = preSolution
		{BE81B857-040B-4189-943F-3E3E2F2A149B} = {AC67C30F-6F79-432A-9484-B9D235E4B319}
		{4C78C251-5E6E-473D-9880-CDA0C0D44D60} = {62C51260-7885-4211-9847-EC9C97505A5D}
		{D0ED1FDA-42D8-4AE8-B841-61F450E7B0A5} = {62C51260-7885-4211-9847-EC9C97505A5D}
	EndGlobalSection
	GlobalSection(ExtensibilityGlobals) = postSolution
		SolutionGuid = {09F0C729-7558-4ACE-9086-27E6BCB94817}
	EndGlobalSection
EndGlobal
